// !$*UTF8*$!
{
	archiveVersion = 1;
	classes = {
	};
	objectVersion = 46;
	objects = {

/* Begin PBXBuildFile section */
		426C0CE91E6983A800ECEF50 /* AppDelegate.swift in Sources */ = {isa = PBXBuildFile; fileRef = 426C0CE81E6983A800ECEF50 /* AppDelegate.swift */; };
		426C0CEB1E6983A800ECEF50 /* ViewController.swift in Sources */ = {isa = PBXBuildFile; fileRef = 426C0CEA1E6983A800ECEF50 /* ViewController.swift */; };
		426C0CEE1E6983A800ECEF50 /* Main.storyboard in Resources */ = {isa = PBXBuildFile; fileRef = 426C0CEC1E6983A800ECEF50 /* Main.storyboard */; };
		426C0CF01E6983A800ECEF50 /* Assets.xcassets in Resources */ = {isa = PBXBuildFile; fileRef = 426C0CEF1E6983A800ECEF50 /* Assets.xcassets */; };
		426C0CF31E6983A800ECEF50 /* LaunchScreen.storyboard in Resources */ = {isa = PBXBuildFile; fileRef = 426C0CF11E6983A800ECEF50 /* LaunchScreen.storyboard */; };
		426C0CFE1E6983A800ECEF50 /* DestroyTheWorldTests.swift in Sources */ = {isa = PBXBuildFile; fileRef = 426C0CFD1E6983A800ECEF50 /* DestroyTheWorldTests.swift */; };
		426C0D091E6983A800ECEF50 /* DestroyTheWorldUITests.swift in Sources */ = {isa = PBXBuildFile; fileRef = 426C0D081E6983A800ECEF50 /* DestroyTheWorldUITests.swift */; };
/* End PBXBuildFile section */

/* Begin PBXContainerItemProxy section */
		426C0CFA1E6983A800ECEF50 /* PBXContainerItemProxy */ = {
			isa = PBXContainerItemProxy;
			containerPortal = 426C0CDD1E6983A700ECEF50 /* Project object */;
			proxyType = 1;
			remoteGlobalIDString = 426C0CE41E6983A700ECEF50;
			remoteInfo = DestroyTheWorld;
		};
		426C0D051E6983A800ECEF50 /* PBXContainerItemProxy */ = {
			isa = PBXContainerItemProxy;
			containerPortal = 426C0CDD1E6983A700ECEF50 /* Project object */;
			proxyType = 1;
			remoteGlobalIDString = 426C0CE41E6983A700ECEF50;
			remoteInfo = DestroyTheWorld;
		};
/* End PBXContainerItemProxy section */

/* Begin PBXFileReference section */
		426C0CE51E6983A800ECEF50 /* DestroyTheWorld.app */ = {isa = PBXFileReference; explicitFileType = wrapper.application; includeInIndex = 0; path = DestroyTheWorld.app; sourceTree = BUILT_PRODUCTS_DIR; };
		426C0CE81E6983A800ECEF50 /* AppDelegate.swift */ = {isa = PBXFileReference; lastKnownFileType = sourcecode.swift; path = AppDelegate.swift; sourceTree = "<group>"; };
		426C0CEA1E6983A800ECEF50 /* ViewController.swift */ = {isa = PBXFileReference; lastKnownFileType = sourcecode.swift; path = ViewController.swift; sourceTree = "<group>"; };
		426C0CED1E6983A800ECEF50 /* Base */ = {isa = PBXFileReference; lastKnownFileType = file.storyboard; name = Base; path = Base.lproj/Main.storyboard; sourceTree = "<group>"; };
		426C0CEF1E6983A800ECEF50 /* Assets.xcassets */ = {isa = PBXFileReference; lastKnownFileType = folder.assetcatalog; path = Assets.xcassets; sourceTree = "<group>"; };
		426C0CF21E6983A800ECEF50 /* Base */ = {isa = PBXFileReference; lastKnownFileType = file.storyboard; name = Base; path = Base.lproj/LaunchScreen.storyboard; sourceTree = "<group>"; };
		426C0CF41E6983A800ECEF50 /* Info.plist */ = {isa = PBXFileReference; lastKnownFileType = text.plist.xml; path = Info.plist; sourceTree = "<group>"; };
		426C0CF91E6983A800ECEF50 /* DestroyTheWorldTests.xctest */ = {isa = PBXFileReference; explicitFileType = wrapper.cfbundle; includeInIndex = 0; path = DestroyTheWorldTests.xctest; sourceTree = BUILT_PRODUCTS_DIR; };
		426C0CFD1E6983A800ECEF50 /* DestroyTheWorldTests.swift */ = {isa = PBXFileReference; lastKnownFileType = sourcecode.swift; path = DestroyTheWorldTests.swift; sourceTree = "<group>"; };
		426C0CFF1E6983A800ECEF50 /* Info.plist */ = {isa = PBXFileReference; lastKnownFileType = text.plist.xml; path = Info.plist; sourceTree = "<group>"; };
		426C0D041E6983A800ECEF50 /* DestroyTheWorldUITests.xctest */ = {isa = PBXFileReference; explicitFileType = wrapper.cfbundle; includeInIndex = 0; path = DestroyTheWorldUITests.xctest; sourceTree = BUILT_PRODUCTS_DIR; };
		426C0D081E6983A800ECEF50 /* DestroyTheWorldUITests.swift */ = {isa = PBXFileReference; lastKnownFileType = sourcecode.swift; path = DestroyTheWorldUITests.swift; sourceTree = "<group>"; };
		426C0D0A1E6983A800ECEF50 /* Info.plist */ = {isa = PBXFileReference; lastKnownFileType = text.plist.xml; path = Info.plist; sourceTree = "<group>"; };
/* End PBXFileReference section */

/* Begin PBXFrameworksBuildPhase section */
		426C0CE21E6983A700ECEF50 /* Frameworks */ = {
			isa = PBXFrameworksBuildPhase;
			buildActionMask = 2147483647;
			files = (
			);
			runOnlyForDeploymentPostprocessing = 0;
		};
		426C0CF61E6983A800ECEF50 /* Frameworks */ = {
			isa = PBXFrameworksBuildPhase;
			buildActionMask = 2147483647;
			files = (
			);
			runOnlyForDeploymentPostprocessing = 0;
		};
		426C0D011E6983A800ECEF50 /* Frameworks */ = {
			isa = PBXFrameworksBuildPhase;
			buildActionMask = 2147483647;
			files = (
			);
			runOnlyForDeploymentPostprocessing = 0;
		};
/* End PBXFrameworksBuildPhase section */

/* Begin PBXGroup section */
		426C0CDC1E6983A700ECEF50 = {
			isa = PBXGroup;
			children = (
				426C0CE71E6983A800ECEF50 /* DestroyTheWorld */,
				426C0CFC1E6983A800ECEF50 /* DestroyTheWorldTests */,
				426C0D071E6983A800ECEF50 /* DestroyTheWorldUITests */,
				426C0CE61E6983A800ECEF50 /* Products */,
			);
			sourceTree = "<group>";
		};
		426C0CE61E6983A800ECEF50 /* Products */ = {
			isa = PBXGroup;
			children = (
				426C0CE51E6983A800ECEF50 /* DestroyTheWorld.app */,
				426C0CF91E6983A800ECEF50 /* DestroyTheWorldTests.xctest */,
				426C0D041E6983A800ECEF50 /* DestroyTheWorldUITests.xctest */,
			);
			name = Products;
			sourceTree = "<group>";
		};
		426C0CE71E6983A800ECEF50 /* DestroyTheWorld */ = {
			isa = PBXGroup;
			children = (
				426C0CE81E6983A800ECEF50 /* AppDelegate.swift */,
				426C0CEA1E6983A800ECEF50 /* ViewController.swift */,
				426C0CEC1E6983A800ECEF50 /* Main.storyboard */,
				426C0CEF1E6983A800ECEF50 /* Assets.xcassets */,
				426C0CF11E6983A800ECEF50 /* LaunchScreen.storyboard */,
				426C0CF41E6983A800ECEF50 /* Info.plist */,
			);
			path = DestroyTheWorld;
			sourceTree = "<group>";
		};
		426C0CFC1E6983A800ECEF50 /* DestroyTheWorldTests */ = {
			isa = PBXGroup;
			children = (
				426C0CFD1E6983A800ECEF50 /* DestroyTheWorldTests.swift */,
				426C0CFF1E6983A800ECEF50 /* Info.plist */,
			);
			path = DestroyTheWorldTests;
			sourceTree = "<group>";
		};
		426C0D071E6983A800ECEF50 /* DestroyTheWorldUITests */ = {
			isa = PBXGroup;
			children = (
				426C0D081E6983A800ECEF50 /* DestroyTheWorldUITests.swift */,
				426C0D0A1E6983A800ECEF50 /* Info.plist */,
			);
			path = DestroyTheWorldUITests;
			sourceTree = "<group>";
		};
/* End PBXGroup section */

/* Begin PBXNativeTarget section */
		426C0CE41E6983A700ECEF50 /* DestroyTheWorld */ = {
			isa = PBXNativeTarget;
			buildConfigurationList = 426C0D0D1E6983A800ECEF50 /* Build configuration list for PBXNativeTarget "DestroyTheWorld" */;
			buildPhases = (
				426C0CE11E6983A700ECEF50 /* Sources */,
				426C0CE21E6983A700ECEF50 /* Frameworks */,
				426C0CE31E6983A700ECEF50 /* Resources */,
			);
			buildRules = (
			);
			dependencies = (
			);
			name = DestroyTheWorld;
			productName = DestroyTheWorld;
			productReference = 426C0CE51E6983A800ECEF50 /* DestroyTheWorld.app */;
			productType = "com.apple.product-type.application";
		};
		426C0CF81E6983A800ECEF50 /* DestroyTheWorldTests */ = {
			isa = PBXNativeTarget;
			buildConfigurationList = 426C0D101E6983A800ECEF50 /* Build configuration list for PBXNativeTarget "DestroyTheWorldTests" */;
			buildPhases = (
				426C0CF51E6983A800ECEF50 /* Sources */,
				426C0CF61E6983A800ECEF50 /* Frameworks */,
				426C0CF71E6983A800ECEF50 /* Resources */,
			);
			buildRules = (
			);
			dependencies = (
				426C0CFB1E6983A800ECEF50 /* PBXTargetDependency */,
			);
			name = DestroyTheWorldTests;
			productName = DestroyTheWorldTests;
			productReference = 426C0CF91E6983A800ECEF50 /* DestroyTheWorldTests.xctest */;
			productType = "com.apple.product-type.bundle.unit-test";
		};
		426C0D031E6983A800ECEF50 /* DestroyTheWorldUITests */ = {
			isa = PBXNativeTarget;
			buildConfigurationList = 426C0D131E6983A800ECEF50 /* Build configuration list for PBXNativeTarget "DestroyTheWorldUITests" */;
			buildPhases = (
				426C0D001E6983A800ECEF50 /* Sources */,
				426C0D011E6983A800ECEF50 /* Frameworks */,
				426C0D021E6983A800ECEF50 /* Resources */,
			);
			buildRules = (
			);
			dependencies = (
				426C0D061E6983A800ECEF50 /* PBXTargetDependency */,
			);
			name = DestroyTheWorldUITests;
			productName = DestroyTheWorldUITests;
			productReference = 426C0D041E6983A800ECEF50 /* DestroyTheWorldUITests.xctest */;
			productType = "com.apple.product-type.bundle.ui-testing";
		};
/* End PBXNativeTarget section */

/* Begin PBXProject section */
		426C0CDD1E6983A700ECEF50 /* Project object */ = {
			isa = PBXProject;
			attributes = {
				LastSwiftUpdateCheck = 0820;
				LastUpgradeCheck = 0820;
				ORGANIZATIONNAME = botlr;
				TargetAttributes = {
					426C0CE41E6983A700ECEF50 = {
						CreatedOnToolsVersion = 8.2.1;
						DevelopmentTeam = 8V7464W4NH;
						ProvisioningStyle = Automatic;
					};
					426C0CF81E6983A800ECEF50 = {
						CreatedOnToolsVersion = 8.2.1;
						DevelopmentTeam = 8V7464W4NH;
						ProvisioningStyle = Automatic;
						TestTargetID = 426C0CE41E6983A700ECEF50;
					};
					426C0D031E6983A800ECEF50 = {
						CreatedOnToolsVersion = 8.2.1;
						DevelopmentTeam = 8V7464W4NH;
						ProvisioningStyle = Automatic;
						TestTargetID = 426C0CE41E6983A700ECEF50;
					};
				};
			};
			buildConfigurationList = 426C0CE01E6983A700ECEF50 /* Build configuration list for PBXProject "DestroyTheWorld" */;
			compatibilityVersion = "Xcode 3.2";
			developmentRegion = English;
			hasScannedForEncodings = 0;
			knownRegions = (
				en,
				Base,
			);
			mainGroup = 426C0CDC1E6983A700ECEF50;
			productRefGroup = 426C0CE61E6983A800ECEF50 /* Products */;
			projectDirPath = "";
			projectRoot = "";
			targets = (
				426C0CE41E6983A700ECEF50 /* DestroyTheWorld */,
				426C0CF81E6983A800ECEF50 /* DestroyTheWorldTests */,
				426C0D031E6983A800ECEF50 /* DestroyTheWorldUITests */,
			);
		};
/* End PBXProject section */

/* Begin PBXResourcesBuildPhase section */
		426C0CE31E6983A700ECEF50 /* Resources */ = {
			isa = PBXResourcesBuildPhase;
			buildActionMask = 2147483647;
			files = (
				426C0CF31E6983A800ECEF50 /* LaunchScreen.storyboard in Resources */,
				426C0CF01E6983A800ECEF50 /* Assets.xcassets in Resources */,
				426C0CEE1E6983A800ECEF50 /* Main.storyboard in Resources */,
			);
			runOnlyForDeploymentPostprocessing = 0;
		};
		426C0CF71E6983A800ECEF50 /* Resources */ = {
			isa = PBXResourcesBuildPhase;
			buildActionMask = 2147483647;
			files = (
			);
			runOnlyForDeploymentPostprocessing = 0;
		};
		426C0D021E6983A800ECEF50 /* Resources */ = {
			isa = PBXResourcesBuildPhase;
			buildActionMask = 2147483647;
			files = (
			);
			runOnlyForDeploymentPostprocessing = 0;
		};
/* End PBXResourcesBuildPhase section */

/* Begin PBXSourcesBuildPhase section */
		426C0CE11E6983A700ECEF50 /* Sources */ = {
			isa = PBXSourcesBuildPhase;
			buildActionMask = 2147483647;
			files = (
				426C0CEB1E6983A800ECEF50 /* ViewController.swift in Sources */,
				426C0CE91E6983A800ECEF50 /* AppDelegate.swift in Sources */,
			);
			runOnlyForDeploymentPostprocessing = 0;
		};
		426C0CF51E6983A800ECEF50 /* Sources */ = {
			isa = PBXSourcesBuildPhase;
			buildActionMask = 2147483647;
			files = (
				426C0CFE1E6983A800ECEF50 /* DestroyTheWorldTests.swift in Sources */,
			);
			runOnlyForDeploymentPostprocessing = 0;
		};
		426C0D001E6983A800ECEF50 /* Sources */ = {
			isa = PBXSourcesBuildPhase;
			buildActionMask = 2147483647;
			files = (
				426C0D091E6983A800ECEF50 /* DestroyTheWorldUITests.swift in Sources */,
			);
			runOnlyForDeploymentPostprocessing = 0;
		};
/* End PBXSourcesBuildPhase section */

/* Begin PBXTargetDependency section */
		426C0CFB1E6983A800ECEF50 /* PBXTargetDependency */ = {
			isa = PBXTargetDependency;
			target = 426C0CE41E6983A700ECEF50 /* DestroyTheWorld */;
			targetProxy = 426C0CFA1E6983A800ECEF50 /* PBXContainerItemProxy */;
		};
		426C0D061E6983A800ECEF50 /* PBXTargetDependency */ = {
			isa = PBXTargetDependency;
			target = 426C0CE41E6983A700ECEF50 /* DestroyTheWorld */;
			targetProxy = 426C0D051E6983A800ECEF50 /* PBXContainerItemProxy */;
		};
/* End PBXTargetDependency section */

/* Begin PBXVariantGroup section */
		426C0CEC1E6983A800ECEF50 /* Main.storyboard */ = {
			isa = PBXVariantGroup;
			children = (
				426C0CED1E6983A800ECEF50 /* Base */,
			);
			name = Main.storyboard;
			sourceTree = "<group>";
		};
		426C0CF11E6983A800ECEF50 /* LaunchScreen.storyboard */ = {
			isa = PBXVariantGroup;
			children = (
				426C0CF21E6983A800ECEF50 /* Base */,
			);
			name = LaunchScreen.storyboard;
			sourceTree = "<group>";
		};
/* End PBXVariantGroup section */

/* Begin XCBuildConfiguration section */
		426C0D0B1E6983A800ECEF50 /* Debug */ = {
			isa = XCBuildConfiguration;
			buildSettings = {
				ALWAYS_SEARCH_USER_PATHS = NO;
				CLANG_ANALYZER_NONNULL = YES;
				CLANG_CXX_LANGUAGE_STANDARD = "gnu++0x";
				CLANG_CXX_LIBRARY = "libc++";
				CLANG_ENABLE_MODULES = YES;
				CLANG_ENABLE_OBJC_ARC = YES;
				CLANG_WARN_BOOL_CONVERSION = YES;
				CLANG_WARN_CONSTANT_CONVERSION = YES;
				CLANG_WARN_DIRECT_OBJC_ISA_USAGE = YES_ERROR;
				CLANG_WARN_DOCUMENTATION_COMMENTS = YES;
				CLANG_WARN_EMPTY_BODY = YES;
				CLANG_WARN_ENUM_CONVERSION = YES;
				CLANG_WARN_INFINITE_RECURSION = YES;
				CLANG_WARN_INT_CONVERSION = YES;
				CLANG_WARN_OBJC_ROOT_CLASS = YES_ERROR;
				CLANG_WARN_SUSPICIOUS_MOVE = YES;
				CLANG_WARN_UNREACHABLE_CODE = YES;
				CLANG_WARN__DUPLICATE_METHOD_MATCH = YES;
				"CODE_SIGN_IDENTITY[sdk=iphoneos*]" = "iPhone Developer";
				COPY_PHASE_STRIP = NO;
				DEBUG_INFORMATION_FORMAT = dwarf;
				ENABLE_STRICT_OBJC_MSGSEND = YES;
				ENABLE_TESTABILITY = YES;
				GCC_C_LANGUAGE_STANDARD = gnu99;
				GCC_DYNAMIC_NO_PIC = NO;
				GCC_NO_COMMON_BLOCKS = YES;
				GCC_OPTIMIZATION_LEVEL = 0;
				GCC_PREPROCESSOR_DEFINITIONS = (
					"DEBUG=1",
					"$(inherited)",
				);
				GCC_WARN_64_TO_32_BIT_CONVERSION = YES;
				GCC_WARN_ABOUT_RETURN_TYPE = YES_ERROR;
				GCC_WARN_UNDECLARED_SELECTOR = YES;
				GCC_WARN_UNINITIALIZED_AUTOS = YES_AGGRESSIVE;
				GCC_WARN_UNUSED_FUNCTION = YES;
				GCC_WARN_UNUSED_VARIABLE = YES;
				IPHONEOS_DEPLOYMENT_TARGET = 10.2;
				MTL_ENABLE_DEBUG_INFO = YES;
				ONLY_ACTIVE_ARCH = YES;
				SDKROOT = iphoneos;
				SWIFT_ACTIVE_COMPILATION_CONDITIONS = DEBUG;
				SWIFT_OPTIMIZATION_LEVEL = "-Onone";
				TARGETED_DEVICE_FAMILY = "1,2";
			};
			name = Debug;
		};
		426C0D0C1E6983A800ECEF50 /* Release */ = {
			isa = XCBuildConfiguration;
			buildSettings = {
				ALWAYS_SEARCH_USER_PATHS = NO;
				CLANG_ANALYZER_NONNULL = YES;
				CLANG_CXX_LANGUAGE_STANDARD = "gnu++0x";
				CLANG_CXX_LIBRARY = "libc++";
				CLANG_ENABLE_MODULES = YES;
				CLANG_ENABLE_OBJC_ARC = YES;
				CLANG_WARN_BOOL_CONVERSION = YES;
				CLANG_WARN_CONSTANT_CONVERSION = YES;
				CLANG_WARN_DIRECT_OBJC_ISA_USAGE = YES_ERROR;
				CLANG_WARN_DOCUMENTATION_COMMENTS = YES;
				CLANG_WARN_EMPTY_BODY = YES;
				CLANG_WARN_ENUM_CONVERSION = YES;
				CLANG_WARN_INFINITE_RECURSION = YES;
				CLANG_WARN_INT_CONVERSION = YES;
				CLANG_WARN_OBJC_ROOT_CLASS = YES_ERROR;
				CLANG_WARN_SUSPICIOUS_MOVE = YES;
				CLANG_WARN_UNREACHABLE_CODE = YES;
				CLANG_WARN__DUPLICATE_METHOD_MATCH = YES;
				"CODE_SIGN_IDENTITY[sdk=iphoneos*]" = "iPhone Developer";
				COPY_PHASE_STRIP = NO;
				DEBUG_INFORMATION_FORMAT = "dwarf-with-dsym";
				ENABLE_NS_ASSERTIONS = NO;
				ENABLE_STRICT_OBJC_MSGSEND = YES;
				GCC_C_LANGUAGE_STANDARD = gnu99;
				GCC_NO_COMMON_BLOCKS = YES;
				GCC_WARN_64_TO_32_BIT_CONVERSION = YES;
				GCC_WARN_ABOUT_RETURN_TYPE = YES_ERROR;
				GCC_WARN_UNDECLARED_SELECTOR = YES;
				GCC_WARN_UNINITIALIZED_AUTOS = YES_AGGRESSIVE;
				GCC_WARN_UNUSED_FUNCTION = YES;
				GCC_WARN_UNUSED_VARIABLE = YES;
				IPHONEOS_DEPLOYMENT_TARGET = 10.2;
				MTL_ENABLE_DEBUG_INFO = NO;
				SDKROOT = iphoneos;
				SWIFT_OPTIMIZATION_LEVEL = "-Owholemodule";
				TARGETED_DEVICE_FAMILY = "1,2";
				VALIDATE_PRODUCT = YES;
			};
			name = Release;
		};
		426C0D0E1E6983A800ECEF50 /* Debug */ = {
			isa = XCBuildConfiguration;
			buildSettings = {
				ASSETCATALOG_COMPILER_APPICON_NAME = AppIcon;
				DEVELOPMENT_TEAM = 8V7464W4NH;
				INFOPLIST_FILE = DestroyTheWorld/Info.plist;
				LD_RUNPATH_SEARCH_PATHS = "$(inherited) @executable_path/Frameworks";
				PRODUCT_BUNDLE_IDENTIFIER = com.botlr.DestroyTheWorld;
				PRODUCT_NAME = "$(TARGET_NAME)";
				SWIFT_VERSION = 3.0;
			};
			name = Debug;
		};
		426C0D0F1E6983A800ECEF50 /* Release */ = {
			isa = XCBuildConfiguration;
			buildSettings = {
				ASSETCATALOG_COMPILER_APPICON_NAME = AppIcon;
				DEVELOPMENT_TEAM = 8V7464W4NH;
				INFOPLIST_FILE = DestroyTheWorld/Info.plist;
				LD_RUNPATH_SEARCH_PATHS = "$(inherited) @executable_path/Frameworks";
				PRODUCT_BUNDLE_IDENTIFIER = com.botlr.DestroyTheWorld;
				PRODUCT_NAME = "$(TARGET_NAME)";
				SWIFT_VERSION = 3.0;
			};
			name = Release;
		};
		426C0D111E6983A800ECEF50 /* Debug */ = {
			isa = XCBuildConfiguration;
			buildSettings = {
				ALWAYS_EMBED_SWIFT_STANDARD_LIBRARIES = YES;
				BUNDLE_LOADER = "$(TEST_HOST)";
				DEVELOPMENT_TEAM = 8V7464W4NH;
				INFOPLIST_FILE = DestroyTheWorldTests/Info.plist;
				LD_RUNPATH_SEARCH_PATHS = "$(inherited) @executable_path/Frameworks @loader_path/Frameworks";
				PRODUCT_BUNDLE_IDENTIFIER = com.botlr.DestroyTheWorldTests;
				PRODUCT_NAME = "$(TARGET_NAME)";
				SWIFT_VERSION = 3.0;
				TEST_HOST = "$(BUILT_PRODUCTS_DIR)/DestroyTheWorld.app/DestroyTheWorld";
			};
			name = Debug;
		};
		426C0D121E6983A800ECEF50 /* Release */ = {
			isa = XCBuildConfiguration;
			buildSettings = {
				ALWAYS_EMBED_SWIFT_STANDARD_LIBRARIES = YES;
				BUNDLE_LOADER = "$(TEST_HOST)";
				DEVELOPMENT_TEAM = 8V7464W4NH;
				INFOPLIST_FILE = DestroyTheWorldTests/Info.plist;
				LD_RUNPATH_SEARCH_PATHS = "$(inherited) @executable_path/Frameworks @loader_path/Frameworks";
				PRODUCT_BUNDLE_IDENTIFIER = com.botlr.DestroyTheWorldTests;
				PRODUCT_NAME = "$(TARGET_NAME)";
				SWIFT_VERSION = 3.0;
				TEST_HOST = "$(BUILT_PRODUCTS_DIR)/DestroyTheWorld.app/DestroyTheWorld";
			};
			name = Release;
		};
		426C0D141E6983A800ECEF50 /* Debug */ = {
			isa = XCBuildConfiguration;
			buildSettings = {
				ALWAYS_EMBED_SWIFT_STANDARD_LIBRARIES = YES;
				DEVELOPMENT_TEAM = 8V7464W4NH;
				INFOPLIST_FILE = DestroyTheWorldUITests/Info.plist;
				LD_RUNPATH_SEARCH_PATHS = "$(inherited) @executable_path/Frameworks @loader_path/Frameworks";
				PRODUCT_BUNDLE_IDENTIFIER = com.botlr.DestroyTheWorldUITests;
				PRODUCT_NAME = "$(TARGET_NAME)";
				SWIFT_VERSION = 3.0;
				TEST_TARGET_NAME = DestroyTheWorld;
			};
			name = Debug;
		};
		426C0D151E6983A800ECEF50 /* Release */ = {
			isa = XCBuildConfiguration;
			buildSettings = {
				ALWAYS_EMBED_SWIFT_STANDARD_LIBRARIES = YES;
				DEVELOPMENT_TEAM = 8V7464W4NH;
				INFOPLIST_FILE = DestroyTheWorldUITests/Info.plist;
				LD_RUNPATH_SEARCH_PATHS = "$(inherited) @executable_path/Frameworks @loader_path/Frameworks";
				PRODUCT_BUNDLE_IDENTIFIER = com.botlr.DestroyTheWorldUITests;
				PRODUCT_NAME = "$(TARGET_NAME)";
				SWIFT_VERSION = 3.0;
				TEST_TARGET_NAME = DestroyTheWorld;
			};
			name = Release;
		};
/* End XCBuildConfiguration section */

/* Begin XCConfigurationList section */
		426C0CE01E6983A700ECEF50 /* Build configuration list for PBXProject "DestroyTheWorld" */ = {
			isa = XCConfigurationList;
			buildConfigurations = (
				426C0D0B1E6983A800ECEF50 /* Debug */,
				426C0D0C1E6983A800ECEF50 /* Release */,
			);
			defaultConfigurationIsVisible = 0;
			defaultConfigurationName = Release;
		};
		426C0D0D1E6983A800ECEF50 /* Build configuration list for PBXNativeTarget "DestroyTheWorld" */ = {
			isa = XCConfigurationList;
			buildConfigurations = (
				426C0D0E1E6983A800ECEF50 /* Debug */,
				426C0D0F1E6983A800ECEF50 /* Release */,
			);
			defaultConfigurationIsVisible = 0;
		};
		426C0D101E6983A800ECEF50 /* Build configuration list for PBXNativeTarget "DestroyTheWorldTests" */ = {
			isa = XCConfigurationList;
			buildConfigurations = (
				426C0D111E6983A800ECEF50 /* Debug */,
				426C0D121E6983A800ECEF50 /* Release */,
			);
			defaultConfigurationIsVisible = 0;
		};
		426C0D131E6983A800ECEF50 /* Build configuration list for PBXNativeTarget "DestroyTheWorldUITests" */ = {
			isa = XCConfigurationList;
			buildConfigurations = (
				426C0D141E6983A800ECEF50 /* Debug */,
				426C0D151E6983A800ECEF50 /* Release */,
			);
			defaultConfigurationIsVisible = 0;
		};
/* End XCConfigurationList section */
	};
	rootObject = 426C0CDD1E6983A700ECEF50 /* Project object */;
}
